
Microsoft Visual Studio Solution File, Format Version 12.00
# Visual Studio Version 17
VisualStudioVersion = 17.13.35931.197 d17.13
MinimumVisualStudioVersion = 10.0.40219.1
Project("{FAE04EC0-301F-11D3-BF4B-00C04F79EFBC}") = "UpTimeTracker", "UpTimeTracker\UpTimeTracker.csproj", "{C4AE79DA-792C-4D9E-87AC-5E5D59FF62E4}"
EndProject
Global
	GlobalSection(SolutionConfigurationPlatforms) = preSolution
		Debug|Any CPU = Debug|Any CPU
		Release|Any CPU = Release|Any CPU
	EndGlobalSection
	GlobalSection(ProjectConfigurationPlatforms) = postSolution
		{C4AE79DA-792C-4D9E-87AC-5E5D59FF62E4}.Debug|Any CPU.ActiveCfg = Debug|Any CPU
		{C4AE79DA-792C-4D9E-87AC-5E5D59FF62E4}.Debug|Any CPU.Build.0 = Debug|Any CPU
		{C4AE79DA-792C-4D9E-87AC-5E5D59FF62E4}.Release|Any CPU.ActiveCfg = Release|Any CPU
		{C4AE79DA-792C-4D9E-87AC-5E5D59FF62E4}.Release|Any CPU.Build.0 = Release|Any CPU
	EndGlobalSection
	GlobalSection(SolutionProperties) = preSolution
		HideSolutionNode = FALSE
	EndGlobalSection
	GlobalSection(ExtensibilityGlobals) = postSolution
		SolutionGuid = {EC049D85-0D44-4A8E-BE83-7553E705BB2D}
	EndGlobalSection
EndGlobal
